
Microsoft Visual Studio Solution File, Format Version 12.00
# Visual Studio Version 17
VisualStudioVersion = 17.4.33122.133
MinimumVisualStudioVersion = 10.0.40219.1
Project("{FAE04EC0-301F-11D3-BF4B-00C04F79EFBC}") = "DietApp", "DietApp\DietApp.csproj", "{42E26228-98C0-4B68-891F-9700B11B023A}"
EndProject
Global
	GlobalSection(SolutionConfigurationPlatforms) = preSolution
		Debug|Any CPU = Debug|Any CPU
		Release|Any CPU = Release|Any CPU
	EndGlobalSection
	GlobalSection(ProjectConfigurationPlatforms) = postSolution
		{42E26228-98C0-4B68-891F-9700B11B023A}.Debug|Any CPU.ActiveCfg = Debug|Any CPU
		{42E26228-98C0-4B68-891F-9700B11B023A}.Debug|Any CPU.Build.0 = Debug|Any CPU
		{42E26228-98C0-4B68-891F-9700B11B023A}.Release|Any CPU.ActiveCfg = Release|Any CPU
		{42E26228-98C0-4B68-891F-9700B11B023A}.Release|Any CPU.Build.0 = Release|Any CPU
	EndGlobalSection
	GlobalSection(SolutionProperties) = preSolution
		HideSolutionNode = FALSE
	EndGlobalSection
	GlobalSection(ExtensibilityGlobals) = postSolution
		SolutionGuid = {8572A03C-782E-402D-8987-55C31B13792C}
	EndGlobalSection
EndGlobal
